
Microsoft Visual Studio Solution File, Format Version 12.00
# Visual Studio 14
VisualStudioVersion = 14.0.25123.0
MinimumVisualStudioVersion = 10.0.40219.1
Project("{E24C65DC-7377-472B-9ABA-BC803B73C61A}") = "WebSite2(1)", "WebSite2\", "{2ED05B8B-AC1F-4462-A014-E5753D8D26BA}"
	ProjectSection(WebsiteProperties) = preProject
		TargetFrameworkMoniker = ".NETFramework,Version%3Dv3.5"
		Debug.AspNetCompiler.VirtualPath = "/localhost_19597"
		Debug.AspNetCompiler.PhysicalPath = "WebSite2\"
		Debug.AspNetCompiler.TargetPath = "PrecompiledWeb\localhost_19597\"
		Debug.AspNetCompiler.Updateable = "true"
		Debug.AspNetCompiler.ForceOverwrite = "true"
		Debug.AspNetCompiler.FixedNames = "false"
		Debug.AspNetCompiler.Debug = "True"
		Release.AspNetCompiler.VirtualPath = "/localhost_19597"
		Release.AspNetCompiler.PhysicalPath = "WebSite2\"
		Release.AspNetCompiler.TargetPath = "PrecompiledWeb\localhost_19597\"
		Release.AspNetCompiler.Updateable = "true"
		Release.AspNetCompiler.ForceOverwrite = "true"
		Release.AspNetCompiler.FixedNames = "false"
		Release.AspNetCompiler.Debug = "False"
		VWDPort = "19597"
		SlnRelativePath = "WebSite2\"
	EndProjectSection
EndProject
Global
	GlobalSection(SolutionConfigurationPlatforms) = preSolution
		Debug|Any CPU = Debug|Any CPU
	EndGlobalSection
	GlobalSection(ProjectConfigurationPlatforms) = postSolution
		{2ED05B8B-AC1F-4462-A014-E5753D8D26BA}.Debug|Any CPU.ActiveCfg = Debug|Any CPU
		{2ED05B8B-AC1F-4462-A014-E5753D8D26BA}.Debug|Any CPU.Build.0 = Debug|Any CPU
	EndGlobalSection
	GlobalSection(SolutionProperties) = preSolution
		HideSolutionNode = FALSE
	EndGlobalSection
EndGlobal
